
Microsoft Visual Studio Solution File, Format Version 12.00
# Visual Studio Version 17
VisualStudioVersion = 17.4.33103.184
MinimumVisualStudioVersion = 10.0.40219.1
Project("{FAE04EC0-301F-11D3-BF4B-00C04F79EFBC}") = "Task1_Performance", "Task1_Performance.csproj", "{8E04EDFB-7643-4A9D-9ACF-C975A0DE379B}"
EndProject
Global
	GlobalSection(SolutionConfigurationPlatforms) = preSolution
		Debug|Any CPU = Debug|Any CPU
		Release|Any CPU = Release|Any CPU
	EndGlobalSection
	GlobalSection(ProjectConfigurationPlatforms) = postSolution
		{8E04EDFB-7643-4A9D-9ACF-C975A0DE379B}.Debug|Any CPU.ActiveCfg = Debug|Any CPU
		{8E04EDFB-7643-4A9D-9ACF-C975A0DE379B}.Debug|Any CPU.Build.0 = Debug|Any CPU
		{8E04EDFB-7643-4A9D-9ACF-C975A0DE379B}.Release|Any CPU.ActiveCfg = Release|Any CPU
		{8E04EDFB-7643-4A9D-9ACF-C975A0DE379B}.Release|Any CPU.Build.0 = Release|Any CPU
	EndGlobalSection
	GlobalSection(SolutionProperties) = preSolution
		HideSolutionNode = FALSE
	EndGlobalSection
	GlobalSection(ExtensibilityGlobals) = postSolution
		SolutionGuid = {3B3F6098-3DCF-4116-A928-CED19834F617}
	EndGlobalSection
EndGlobal
